
Microsoft Visual Studio Solution File, Format Version 12.00
# Visual Studio 15
VisualStudioVersion = 15.0.28307.779
MinimumVisualStudioVersion = 10.0.40219.1
Project("{F184B08F-C81C-45F6-A57F-5ABD9991F28F}") = "RiddleProject", "RiddleProject\RiddleProject.vbproj", "{D3ADD8A2-FC40-4E5E-82AE-4D2724411F21}"
EndProject
Global
	GlobalSection(SolutionConfigurationPlatforms) = preSolution
		Debug|Any CPU = Debug|Any CPU
		Release|Any CPU = Release|Any CPU
	EndGlobalSection
	GlobalSection(ProjectConfigurationPlatforms) = postSolution
		{D3ADD8A2-FC40-4E5E-82AE-4D2724411F21}.Debug|Any CPU.ActiveCfg = Debug|Any CPU
		{D3ADD8A2-FC40-4E5E-82AE-4D2724411F21}.Debug|Any CPU.Build.0 = Debug|Any CPU
		{D3ADD8A2-FC40-4E5E-82AE-4D2724411F21}.Release|Any CPU.ActiveCfg = Release|Any CPU
		{D3ADD8A2-FC40-4E5E-82AE-4D2724411F21}.Release|Any CPU.Build.0 = Release|Any CPU
	EndGlobalSection
	GlobalSection(SolutionProperties) = preSolution
		HideSolutionNode = FALSE
	EndGlobalSection
	GlobalSection(ExtensibilityGlobals) = postSolution
		SolutionGuid = {DACB7D6F-BE68-4968-996C-6D6A80910C48}
	EndGlobalSection
EndGlobal
